# This file is automatically @generated by Poetry 2.2.1 and should not be changed by hand.

[[package]]
name = "asgiref"
version = "3.9.1"
description = "ASGI specs, helper code, and adapters"
optional = false
python-versions = ">=3.9"
groups = ["main"]
files = [
    {file = "asgiref-3.9.1-py3-none-any.whl", hash = "sha256:f3bba7092a48005b5f5bacd747d36ee4a5a61f4a269a6df590b43144355ebd2c"},
    {file = "asgiref-3.9.1.tar.gz", hash = "sha256:a5ab6582236218e5ef1648f242fd9f10626cfd4de8dc377db215d5d5098e3142"},
]

[package.extras]
tests = ["mypy (>=1.14.0)", "pytest", "pytest-asyncio"]

[[package]]
name = "django"
version = "5.2.4"
description = "A high-level Python web framework that encourages rapid development and clean, pragmatic design."
optional = false
python-versions = ">=3.10"
groups = ["main"]
files = [
    {file = "django-5.2.4-py3-none-any.whl", hash = "sha256:60c35bd96201b10c6e7a78121bd0da51084733efa303cc19ead021ab179cef5e"},
    {file = "django-5.2.4.tar.gz", hash = "sha256:a1228c384f8fa13eebc015196db7b3e08722c5058d4758d20cb287503a540d8f"},
]

[package.dependencies]
asgiref = ">=3.8.1"
sqlparse = ">=0.3.1"
tzdata = {version = "*", markers = "sys_platform == \"win32\""}

[package.extras]
argon2 = ["argon2-cffi (>=19.1.0)"]
bcrypt = ["bcrypt"]

[[package]]
name = "django-stubs"
version = "6.0.3"
description = "Mypy stubs for Django"
optional = false
python-versions = ">=3.10"
groups = ["main"]
files = [
    {file = "django_stubs-6.0.3-py3-none-any.whl", hash = "sha256:5fee22bcbbad59a78c727a820b6f4e68ff442ca76a922b7002e57c25dd7cb390"},
    {file = "django_stubs-6.0.3.tar.gz", hash = "sha256:ee895f403c373608eeb50822f0733f9d9ec5ab12731d4ab58956053bb95fdd9e"},
]

[package.dependencies]
django = "*"
django-stubs-ext = ">=6.0.2"
types-pyyaml = "*"
typing-extensions = ">=4.11.0"

[package.extras]
compatible-mypy = ["mypy (>=1.13,<1.21)"]
oracle = ["oracledb"]
redis = ["redis", "types-redis"]

[[package]]
name = "django-stubs-ext"
version = "6.0.3"
description = "Monkey-patching and extensions for django-stubs"
optional = false
python-versions = ">=3.10"
groups = ["main"]
files = [
    {file = "django_stubs_ext-6.0.3-py3-none-any.whl", hash = "sha256:9e4105955419ae310d7da9cfd808e039d4dae3092c628f021057bb4f2c237f8f"},
    {file = "django_stubs_ext-6.0.3.tar.gz", hash = "sha256:3307d42132bc295d5744de6276bc5fdf6896efc70f891e21c0ae8bdf529d2762"},
]

[package.dependencies]
django = "*"
typing-extensions = "*"

[[package]]
name = "djangorestframework"
version = "3.16.0"
description = "Web APIs for Django, made easy."
optional = false
python-versions = ">=3.9"
groups = ["main"]
files = [
    {file = "djangorestframework-3.16.0-py3-none-any.whl", hash = "sha256:bea7e9f6b96a8584c5224bfb2e4348dfb3f8b5e34edbecb98da258e892089361"},
    {file = "djangorestframework-3.16.0.tar.gz", hash = "sha256:f022ff46613584de994c0c6a4aebbace5fd700555fbe9d33b865ebf173eba6c9"},
]

[package.dependencies]
django = ">=4.2"

[[package]]
name = "djangorestframework-stubs"
version = "3.16.9"
description = "PEP-484 stubs for django-rest-framework"
optional = false
python-versions = ">=3.10"
groups = ["main"]
files = [
    {file = "djangorestframework_stubs-3.16.9-py3-none-any.whl", hash = "sha256:27b3e245d5f9c22ff6988d9e54388249f98f88608cc2b365b71e9f39dd096958"},
    {file = "djangorestframework_stubs-3.16.9.tar.gz", hash = "sha256:b1abb97490c90c85eabcd09b8ecbadae1b9360f21ad3021abf830227c0129697"},
]

[package.dependencies]
django-stubs = ">=5.2.9"
types-pyyaml = "*"
typing-extensions = ">=4.0"

[package.extras]
compatible-mypy = ["django-stubs[compatible-mypy]", "mypy (>=1.13,<1.21)"]
coreapi = ["coreapi (>=2.0.0)"]
markdown = ["types-markdown (>=0.1.5)"]
requests = ["types-requests"]

[[package]]
name = "netaddr"
version = "1.3.0"
description = "A network address manipulation library for Python"
optional = false
python-versions = ">=3.7"
groups = ["main"]
files = [
    {file = "netaddr-1.3.0-py3-none-any.whl", hash = "sha256:c2c6a8ebe5554ce33b7d5b3a306b71bbb373e000bbbf2350dd5213cc56e3dbbe"},
    {file = "netaddr-1.3.0.tar.gz", hash = "sha256:5c3c3d9895b551b763779ba7db7a03487dc1f8e3b385af819af341ae9ef6e48a"},
]

[package.extras]
nicer-shell = ["ipython"]

[[package]]
name = "pyrad"
version = "2.4"
description = "RADIUS tools"
optional = false
python-versions = "*"
groups = ["main"]
files = [
    {file = "pyrad-2.4-py3-none-any.whl", hash = "sha256:233de3aefa383875c5bddfdecfd4819d1b1fbac41aa43f6bebe4f81e63dca363"},
    {file = "pyrad-2.4.tar.gz", hash = "sha256:057de4b7e89d8da57ba782c1bde45c63ebee720ae2c0b0a69beaff15c47e30d9"},
]

[package.dependencies]
netaddr = "*"
six = "*"

[[package]]
name = "six"
version = "1.17.0"
description = "Python 2 and 3 compatibility utilities"
optional = false
python-versions = "!=3.0.*,!=3.1.*,!=3.2.*,>=2.7"
groups = ["main"]
files = [
    {file = "six-1.17.0-py2.py3-none-any.whl", hash = "sha256:4721f391ed90541fddacab5acf947aa0d3dc7d27b2e1e8eda2be8970586c3274"},
    {file = "six-1.17.0.tar.gz", hash = "sha256:ff70335d468e7eb6ec65b95b99d3a2836546063f63acc5171de367e834932a81"},
]

[[package]]
name = "sqlparse"
version = "0.5.3"
description = "A non-validating SQL parser."
optional = false
python-versions = ">=3.8"
groups = ["main"]
files = [
    {file = "sqlparse-0.5.3-py3-none-any.whl", hash = "sha256:cf2196ed3418f3ba5de6af7e82c694a9fbdbfecccdfc72e281548517081f16ca"},
    {file = "sqlparse-0.5.3.tar.gz", hash = "sha256:09f67787f56a0b16ecdbde1bfc7f5d9c3371ca683cfeaa8e6ff60b4807ec9272"},
]

[package.extras]
dev = ["build", "hatch"]
doc = ["sphinx"]

[[package]]
name = "types-pyyaml"
version = "6.0.12.20260408"
description = "Typing stubs for PyYAML"
optional = false
python-versions = ">=3.10"
groups = ["main"]
files = [
    {file = "types_pyyaml-6.0.12.20260408-py3-none-any.whl", hash = "sha256:fbc42037d12159d9c801ebfcc79ebd28335a7c13b08a4cfbc6916df78fee9384"},
    {file = "types_pyyaml-6.0.12.20260408.tar.gz", hash = "sha256:92a73f2b8d7f39ef392a38131f76b970f8c66e4c42b3125ae872b7c93b556307"},
]

[[package]]
name = "typing-extensions"
version = "4.15.0"
description = "Backported and Experimental Type Hints for Python 3.9+"
optional = false
python-versions = ">=3.9"
groups = ["main"]
files = [
    {file = "typing_extensions-4.15.0-py3-none-any.whl", hash = "sha256:f0fa19c6845758ab08074a0cfa8b7aecb71c999ca73d62883bc25cc018c4e548"},
    {file = "typing_extensions-4.15.0.tar.gz", hash = "sha256:0cea48d173cc12fa28ecabc3b837ea3cf6f38c6d1136f85cbaaf598984861466"},
]

[[package]]
name = "tzdata"
version = "2025.2"
description = "Provider of IANA time zone data"
optional = false
python-versions = ">=2"
groups = ["main"]
markers = "sys_platform == \"win32\""
files = [
    {file = "tzdata-2025.2-py2.py3-none-any.whl", hash = "sha256:1a403fada01ff9221ca8044d701868fa132215d84beb92242d9acd2147f667a8"},
    {file = "tzdata-2025.2.tar.gz", hash = "sha256:b60a638fcc0daffadf82fe0f57e53d06bdec2f36c4df66280ae79bce6bd6f2b9"},
]

[metadata]
lock-version = "2.1"
python-versions = ">=3.12"
content-hash = "41bce5dd5a4a36ea85a47ab186723763d84326c6aa1371fe667938045c801a16"
